// !$*UTF8*$!
{
	archiveVersion = 1;
	classes = {
	};
	objectVersion = 56;
	objects = {

/* Begin PBXBuildFile section */
		F53D50AF295DF2290034B501 /* CoinDataService.swift in Sources */ = {isa = PBXBuildFile; fileRef = F53D50AE295DF2290034B501 /* CoinDataService.swift */; };
		F53D50B2296043800034B501 /* NetworkingManager.swift in Sources */ = {isa = PBXBuildFile; fileRef = F53D50B1296043800034B501 /* NetworkingManager.swift */; };
		F576AF88294C826600B6ADCA /* SwiftfulCryptoApp.swift in Sources */ = {isa = PBXBuildFile; fileRef = F576AF87294C826600B6ADCA /* SwiftfulCryptoApp.swift */; };
		F576AF8A294C826600B6ADCA /* ContentView.swift in Sources */ = {isa = PBXBuildFile; fileRef = F576AF89294C826600B6ADCA /* ContentView.swift */; };
		F576AF8C294C826700B6ADCA /* Assets.xcassets in Resources */ = {isa = PBXBuildFile; fileRef = F576AF8B294C826700B6ADCA /* Assets.xcassets */; };
		F576AF8F294C826700B6ADCA /* Preview Assets.xcassets in Resources */ = {isa = PBXBuildFile; fileRef = F576AF8E294C826700B6ADCA /* Preview Assets.xcassets */; };
		F576AF99294C826700B6ADCA /* SwiftfulCryptoTests.swift in Sources */ = {isa = PBXBuildFile; fileRef = F576AF98294C826700B6ADCA /* SwiftfulCryptoTests.swift */; };
		F576AFA3294C826800B6ADCA /* SwiftfulCryptoUITests.swift in Sources */ = {isa = PBXBuildFile; fileRef = F576AFA2294C826800B6ADCA /* SwiftfulCryptoUITests.swift */; };
		F576AFA5294C826800B6ADCA /* SwiftfulCryptoUITestsLaunchTests.swift in Sources */ = {isa = PBXBuildFile; fileRef = F576AFA4294C826800B6ADCA /* SwiftfulCryptoUITestsLaunchTests.swift */; };
		F576AFB3294C846200B6ADCA /* Color.swift in Sources */ = {isa = PBXBuildFile; fileRef = F576AFB2294C846200B6ADCA /* Color.swift */; };
		F576AFBA294C885100B6ADCA /* HomeView.swift in Sources */ = {isa = PBXBuildFile; fileRef = F576AFB8294C881900B6ADCA /* HomeView.swift */; };
		F576AFBE294C8B8600B6ADCA /* CircleButtonView.swift in Sources */ = {isa = PBXBuildFile; fileRef = F576AFBD294C8B8600B6ADCA /* CircleButtonView.swift */; };
		F576AFC0294CCB2600B6ADCA /* CircleButtonAnimationView.swift in Sources */ = {isa = PBXBuildFile; fileRef = F576AFBF294CCB2600B6ADCA /* CircleButtonAnimationView.swift */; };
		F576AFC3294DFEAB00B6ADCA /* CoinModel.swift in Sources */ = {isa = PBXBuildFile; fileRef = F576AFC2294DFEAB00B6ADCA /* CoinModel.swift */; };
		F5A38FB2295B2E3400E322FE /* CoinRowView.swift in Sources */ = {isa = PBXBuildFile; fileRef = F5A38FB1295B2E3400E322FE /* CoinRowView.swift */; };
		F5A38FB4295B2ED900E322FE /* PreviewProvider.swift in Sources */ = {isa = PBXBuildFile; fileRef = F5A38FB3295B2ED900E322FE /* PreviewProvider.swift */; };
		F5A38FB6295B39DC00E322FE /* Double.swift in Sources */ = {isa = PBXBuildFile; fileRef = F5A38FB5295B39DC00E322FE /* Double.swift */; };
		F5A38FB8295C7D8900E322FE /* HomeViewModel.swift in Sources */ = {isa = PBXBuildFile; fileRef = F5A38FB7295C7D8900E322FE /* HomeViewModel.swift */; };
/* End PBXBuildFile section */

/* Begin PBXContainerItemProxy section */
		F576AF95294C826700B6ADCA /* PBXContainerItemProxy */ = {
			isa = PBXContainerItemProxy;
			containerPortal = F576AF7C294C826600B6ADCA /* Project object */;
			proxyType = 1;
			remoteGlobalIDString = F576AF83294C826600B6ADCA;
			remoteInfo = SwiftfulCrypto;
		};
		F576AF9F294C826800B6ADCA /* PBXContainerItemProxy */ = {
			isa = PBXContainerItemProxy;
			containerPortal = F576AF7C294C826600B6ADCA /* Project object */;
			proxyType = 1;
			remoteGlobalIDString = F576AF83294C826600B6ADCA;
			remoteInfo = SwiftfulCrypto;
		};
/* End PBXContainerItemProxy section */

/* Begin PBXFileReference section */
		F53D50AE295DF2290034B501 /* CoinDataService.swift */ = {isa = PBXFileReference; lastKnownFileType = sourcecode.swift; path = CoinDataService.swift; sourceTree = "<group>"; };
		F53D50B1296043800034B501 /* NetworkingManager.swift */ = {isa = PBXFileReference; lastKnownFileType = sourcecode.swift; path = NetworkingManager.swift; sourceTree = "<group>"; };
		F576AF84294C826600B6ADCA /* SwiftfulCrypto.app */ = {isa = PBXFileReference; explicitFileType = wrapper.application; includeInIndex = 0; path = SwiftfulCrypto.app; sourceTree = BUILT_PRODUCTS_DIR; };
		F576AF87294C826600B6ADCA /* SwiftfulCryptoApp.swift */ = {isa = PBXFileReference; lastKnownFileType = sourcecode.swift; path = SwiftfulCryptoApp.swift; sourceTree = "<group>"; };
		F576AF89294C826600B6ADCA /* ContentView.swift */ = {isa = PBXFileReference; lastKnownFileType = sourcecode.swift; path = ContentView.swift; sourceTree = "<group>"; };
		F576AF8B294C826700B6ADCA /* Assets.xcassets */ = {isa = PBXFileReference; lastKnownFileType = folder.assetcatalog; path = Assets.xcassets; sourceTree = "<group>"; };
		F576AF8E294C826700B6ADCA /* Preview Assets.xcassets */ = {isa = PBXFileReference; lastKnownFileType = folder.assetcatalog; path = "Preview Assets.xcassets"; sourceTree = "<group>"; };
		F576AF94294C826700B6ADCA /* SwiftfulCryptoTests.xctest */ = {isa = PBXFileReference; explicitFileType = wrapper.cfbundle; includeInIndex = 0; path = SwiftfulCryptoTests.xctest; sourceTree = BUILT_PRODUCTS_DIR; };
		F576AF98294C826700B6ADCA /* SwiftfulCryptoTests.swift */ = {isa = PBXFileReference; lastKnownFileType = sourcecode.swift; path = SwiftfulCryptoTests.swift; sourceTree = "<group>"; };
		F576AF9E294C826700B6ADCA /* SwiftfulCryptoUITests.xctest */ = {isa = PBXFileReference; explicitFileType = wrapper.cfbundle; includeInIndex = 0; path = SwiftfulCryptoUITests.xctest; sourceTree = BUILT_PRODUCTS_DIR; };
		F576AFA2294C826800B6ADCA /* SwiftfulCryptoUITests.swift */ = {isa = PBXFileReference; lastKnownFileType = sourcecode.swift; path = SwiftfulCryptoUITests.swift; sourceTree = "<group>"; };
		F576AFA4294C826800B6ADCA /* SwiftfulCryptoUITestsLaunchTests.swift */ = {isa = PBXFileReference; lastKnownFileType = sourcecode.swift; path = SwiftfulCryptoUITestsLaunchTests.swift; sourceTree = "<group>"; };
		F576AFB2294C846200B6ADCA /* Color.swift */ = {isa = PBXFileReference; lastKnownFileType = sourcecode.swift; path = Color.swift; sourceTree = "<group>"; };
		F576AFB8294C881900B6ADCA /* HomeView.swift */ = {isa = PBXFileReference; lastKnownFileType = sourcecode.swift; path = HomeView.swift; sourceTree = "<group>"; };
		F576AFBD294C8B8600B6ADCA /* CircleButtonView.swift */ = {isa = PBXFileReference; lastKnownFileType = sourcecode.swift; path = CircleButtonView.swift; sourceTree = "<group>"; };
		F576AFBF294CCB2600B6ADCA /* CircleButtonAnimationView.swift */ = {isa = PBXFileReference; lastKnownFileType = sourcecode.swift; path = CircleButtonAnimationView.swift; sourceTree = "<group>"; };
		F576AFC2294DFEAB00B6ADCA /* CoinModel.swift */ = {isa = PBXFileReference; lastKnownFileType = sourcecode.swift; path = CoinModel.swift; sourceTree = "<group>"; };
		F5A38FB1295B2E3400E322FE /* CoinRowView.swift */ = {isa = PBXFileReference; lastKnownFileType = sourcecode.swift; path = CoinRowView.swift; sourceTree = "<group>"; };
		F5A38FB3295B2ED900E322FE /* PreviewProvider.swift */ = {isa = PBXFileReference; lastKnownFileType = sourcecode.swift; path = PreviewProvider.swift; sourceTree = "<group>"; };
		F5A38FB5295B39DC00E322FE /* Double.swift */ = {isa = PBXFileReference; lastKnownFileType = sourcecode.swift; path = Double.swift; sourceTree = "<group>"; };
		F5A38FB7295C7D8900E322FE /* HomeViewModel.swift */ = {isa = PBXFileReference; lastKnownFileType = sourcecode.swift; path = HomeViewModel.swift; sourceTree = "<group>"; };
/* End PBXFileReference section */

/* Begin PBXFrameworksBuildPhase section */
		F576AF81294C826600B6ADCA /* Frameworks */ = {
			isa = PBXFrameworksBuildPhase;
			buildActionMask = 2147483647;
			files = (
			);
			runOnlyForDeploymentPostprocessing = 0;
		};
		F576AF91294C826700B6ADCA /* Frameworks */ = {
			isa = PBXFrameworksBuildPhase;
			buildActionMask = 2147483647;
			files = (
			);
			runOnlyForDeploymentPostprocessing = 0;
		};
		F576AF9B294C826700B6ADCA /* Frameworks */ = {
			isa = PBXFrameworksBuildPhase;
			buildActionMask = 2147483647;
			files = (
			);
			runOnlyForDeploymentPostprocessing = 0;
		};
/* End PBXFrameworksBuildPhase section */

/* Begin PBXGroup section */
		F53D50AD295DF1E20034B501 /* Services */ = {
			isa = PBXGroup;
			children = (
				F53D50AE295DF2290034B501 /* CoinDataService.swift */,
			);
			path = Services;
			sourceTree = "<group>";
		};
		F53D50B02960436A0034B501 /* Utilities */ = {
			isa = PBXGroup;
			children = (
				F53D50B1296043800034B501 /* NetworkingManager.swift */,
			);
			path = Utilities;
			sourceTree = "<group>";
		};
		F576AF7B294C826600B6ADCA = {
			isa = PBXGroup;
			children = (
				F576AF86294C826600B6ADCA /* SwiftfulCrypto */,
				F576AF97294C826700B6ADCA /* SwiftfulCryptoTests */,
				F576AFA1294C826800B6ADCA /* SwiftfulCryptoUITests */,
				F576AF85294C826600B6ADCA /* Products */,
			);
			sourceTree = "<group>";
		};
		F576AF85294C826600B6ADCA /* Products */ = {
			isa = PBXGroup;
			children = (
				F576AF84294C826600B6ADCA /* SwiftfulCrypto.app */,
				F576AF94294C826700B6ADCA /* SwiftfulCryptoTests.xctest */,
				F576AF9E294C826700B6ADCA /* SwiftfulCryptoUITests.xctest */,
			);
			name = Products;
			sourceTree = "<group>";
		};
		F576AF86294C826600B6ADCA /* SwiftfulCrypto */ = {
			isa = PBXGroup;
			children = (
				F53D50B02960436A0034B501 /* Utilities */,
				F576AF87294C826600B6ADCA /* SwiftfulCryptoApp.swift */,
				F576AF89294C826600B6ADCA /* ContentView.swift */,
				F576AFC1294DFE7C00B6ADCA /* Models */,
				F576AFB1294C844000B6ADCA /* Extensions */,
				F53D50AD295DF1E20034B501 /* Services */,
				F576AFB4294C87B000B6ADCA /* Core */,
				F576AF8B294C826700B6ADCA /* Assets.xcassets */,
				F576AF8D294C826700B6ADCA /* Preview Content */,
			);
			path = SwiftfulCrypto;
			sourceTree = "<group>";
		};
		F576AF8D294C826700B6ADCA /* Preview Content */ = {
			isa = PBXGroup;
			children = (
				F576AF8E294C826700B6ADCA /* Preview Assets.xcassets */,
			);
			path = "Preview Content";
			sourceTree = "<group>";
		};
		F576AF97294C826700B6ADCA /* SwiftfulCryptoTests */ = {
			isa = PBXGroup;
			children = (
				F576AF98294C826700B6ADCA /* SwiftfulCryptoTests.swift */,
			);
			path = SwiftfulCryptoTests;
			sourceTree = "<group>";
		};
		F576AFA1294C826800B6ADCA /* SwiftfulCryptoUITests */ = {
			isa = PBXGroup;
			children = (
				F576AFA2294C826800B6ADCA /* SwiftfulCryptoUITests.swift */,
				F576AFA4294C826800B6ADCA /* SwiftfulCryptoUITestsLaunchTests.swift */,
			);
			path = SwiftfulCryptoUITests;
			sourceTree = "<group>";
		};
		F576AFB1294C844000B6ADCA /* Extensions */ = {
			isa = PBXGroup;
			children = (
				F576AFB2294C846200B6ADCA /* Color.swift */,
				F5A38FB3295B2ED900E322FE /* PreviewProvider.swift */,
				F5A38FB5295B39DC00E322FE /* Double.swift */,
			);
			path = Extensions;
			sourceTree = "<group>";
		};
		F576AFB4294C87B000B6ADCA /* Core */ = {
			isa = PBXGroup;
			children = (
				F576AFBB294C8B4300B6ADCA /* Components */,
				F576AFB5294C87C700B6ADCA /* Home */,
			);
			path = Core;
			sourceTree = "<group>";
		};
		F576AFB5294C87C700B6ADCA /* Home */ = {
			isa = PBXGroup;
			children = (
				F576AFB7294C87D600B6ADCA /* ViewModels */,
				F576AFB6294C87D300B6ADCA /* Views */,
			);
			path = Home;
			sourceTree = "<group>";
		};
		F576AFB6294C87D300B6ADCA /* Views */ = {
			isa = PBXGroup;
			children = (
				F576AFB8294C881900B6ADCA /* HomeView.swift */,
				F5A38FB1295B2E3400E322FE /* CoinRowView.swift */,
			);
			path = Views;
			sourceTree = "<group>";
		};
		F576AFB7294C87D600B6ADCA /* ViewModels */ = {
			isa = PBXGroup;
			children = (
				F5A38FB7295C7D8900E322FE /* HomeViewModel.swift */,
			);
			path = ViewModels;
			sourceTree = "<group>";
		};
		F576AFBB294C8B4300B6ADCA /* Components */ = {
			isa = PBXGroup;
			children = (
				F576AFBC294C8B5400B6ADCA /* CircleButtons */,
			);
			path = Components;
			sourceTree = "<group>";
		};
		F576AFBC294C8B5400B6ADCA /* CircleButtons */ = {
			isa = PBXGroup;
			children = (
				F576AFBD294C8B8600B6ADCA /* CircleButtonView.swift */,
				F576AFBF294CCB2600B6ADCA /* CircleButtonAnimationView.swift */,
			);
			path = CircleButtons;
			sourceTree = "<group>";
		};
		F576AFC1294DFE7C00B6ADCA /* Models */ = {
			isa = PBXGroup;
			children = (
				F576AFC2294DFEAB00B6ADCA /* CoinModel.swift */,
			);
			path = Models;
			sourceTree = "<group>";
		};
/* End PBXGroup section */

/* Begin PBXNativeTarget section */
		F576AF83294C826600B6ADCA /* SwiftfulCrypto */ = {
			isa = PBXNativeTarget;
			buildConfigurationList = F576AFA8294C826800B6ADCA /* Build configuration list for PBXNativeTarget "SwiftfulCrypto" */;
			buildPhases = (
				F576AF80294C826600B6ADCA /* Sources */,
				F576AF81294C826600B6ADCA /* Frameworks */,
				F576AF82294C826600B6ADCA /* Resources */,
			);
			buildRules = (
			);
			dependencies = (
			);
			name = SwiftfulCrypto;
			productName = SwiftfulCrypto;
			productReference = F576AF84294C826600B6ADCA /* SwiftfulCrypto.app */;
			productType = "com.apple.product-type.application";
		};
		F576AF93294C826700B6ADCA /* SwiftfulCryptoTests */ = {
			isa = PBXNativeTarget;
			buildConfigurationList = F576AFAB294C826800B6ADCA /* Build configuration list for PBXNativeTarget "SwiftfulCryptoTests" */;
			buildPhases = (
				F576AF90294C826700B6ADCA /* Sources */,
				F576AF91294C826700B6ADCA /* Frameworks */,
				F576AF92294C826700B6ADCA /* Resources */,
			);
			buildRules = (
			);
			dependencies = (
				F576AF96294C826700B6ADCA /* PBXTargetDependency */,
			);
			name = SwiftfulCryptoTests;
			productName = SwiftfulCryptoTests;
			productReference = F576AF94294C826700B6ADCA /* SwiftfulCryptoTests.xctest */;
			productType = "com.apple.product-type.bundle.unit-test";
		};
		F576AF9D294C826700B6ADCA /* SwiftfulCryptoUITests */ = {
			isa = PBXNativeTarget;
			buildConfigurationList = F576AFAE294C826800B6ADCA /* Build configuration list for PBXNativeTarget "SwiftfulCryptoUITests" */;
			buildPhases = (
				F576AF9A294C826700B6ADCA /* Sources */,
				F576AF9B294C826700B6ADCA /* Frameworks */,
				F576AF9C294C826700B6ADCA /* Resources */,
			);
			buildRules = (
			);
			dependencies = (
				F576AFA0294C826800B6ADCA /* PBXTargetDependency */,
			);
			name = SwiftfulCryptoUITests;
			productName = SwiftfulCryptoUITests;
			productReference = F576AF9E294C826700B6ADCA /* SwiftfulCryptoUITests.xctest */;
			productType = "com.apple.product-type.bundle.ui-testing";
		};
/* End PBXNativeTarget section */

/* Begin PBXProject section */
		F576AF7C294C826600B6ADCA /* Project object */ = {
			isa = PBXProject;
			attributes = {
				BuildIndependentTargetsInParallel = 1;
				LastSwiftUpdateCheck = 1420;
				LastUpgradeCheck = 1420;
				TargetAttributes = {
					F576AF83294C826600B6ADCA = {
						CreatedOnToolsVersion = 14.2;
					};
					F576AF93294C826700B6ADCA = {
						CreatedOnToolsVersion = 14.2;
						TestTargetID = F576AF83294C826600B6ADCA;
					};
					F576AF9D294C826700B6ADCA = {
						CreatedOnToolsVersion = 14.2;
						TestTargetID = F576AF83294C826600B6ADCA;
					};
				};
			};
			buildConfigurationList = F576AF7F294C826600B6ADCA /* Build configuration list for PBXProject "SwiftfulCrypto" */;
			compatibilityVersion = "Xcode 14.0";
			developmentRegion = en;
			hasScannedForEncodings = 0;
			knownRegions = (
				en,
				Base,
			);
			mainGroup = F576AF7B294C826600B6ADCA;
			productRefGroup = F576AF85294C826600B6ADCA /* Products */;
			projectDirPath = "";
			projectRoot = "";
			targets = (
				F576AF83294C826600B6ADCA /* SwiftfulCrypto */,
				F576AF93294C826700B6ADCA /* SwiftfulCryptoTests */,
				F576AF9D294C826700B6ADCA /* SwiftfulCryptoUITests */,
			);
		};
/* End PBXProject section */

/* Begin PBXResourcesBuildPhase section */
		F576AF82294C826600B6ADCA /* Resources */ = {
			isa = PBXResourcesBuildPhase;
			buildActionMask = 2147483647;
			files = (
				F576AF8F294C826700B6ADCA /* Preview Assets.xcassets in Resources */,
				F576AF8C294C826700B6ADCA /* Assets.xcassets in Resources */,
			);
			runOnlyForDeploymentPostprocessing = 0;
		};
		F576AF92294C826700B6ADCA /* Resources */ = {
			isa = PBXResourcesBuildPhase;
			buildActionMask = 2147483647;
			files = (
			);
			runOnlyForDeploymentPostprocessing = 0;
		};
		F576AF9C294C826700B6ADCA /* Resources */ = {
			isa = PBXResourcesBuildPhase;
			buildActionMask = 2147483647;
			files = (
			);
			runOnlyForDeploymentPostprocessing = 0;
		};
/* End PBXResourcesBuildPhase section */

/* Begin PBXSourcesBuildPhase section */
		F576AF80294C826600B6ADCA /* Sources */ = {
			isa = PBXSourcesBuildPhase;
			buildActionMask = 2147483647;
			files = (
				F53D50AF295DF2290034B501 /* CoinDataService.swift in Sources */,
				F5A38FB2295B2E3400E322FE /* CoinRowView.swift in Sources */,
				F5A38FB8295C7D8900E322FE /* HomeViewModel.swift in Sources */,
				F576AF8A294C826600B6ADCA /* ContentView.swift in Sources */,
				F576AFBA294C885100B6ADCA /* HomeView.swift in Sources */,
				F576AF88294C826600B6ADCA /* SwiftfulCryptoApp.swift in Sources */,
				F576AFBE294C8B8600B6ADCA /* CircleButtonView.swift in Sources */,
				F576AFB3294C846200B6ADCA /* Color.swift in Sources */,
				F53D50B2296043800034B501 /* NetworkingManager.swift in Sources */,
				F576AFC0294CCB2600B6ADCA /* CircleButtonAnimationView.swift in Sources */,
				F5A38FB4295B2ED900E322FE /* PreviewProvider.swift in Sources */,
				F5A38FB6295B39DC00E322FE /* Double.swift in Sources */,
				F576AFC3294DFEAB00B6ADCA /* CoinModel.swift in Sources */,
			);
			runOnlyForDeploymentPostprocessing = 0;
		};
		F576AF90294C826700B6ADCA /* Sources */ = {
			isa = PBXSourcesBuildPhase;
			buildActionMask = 2147483647;
			files = (
				F576AF99294C826700B6ADCA /* SwiftfulCryptoTests.swift in Sources */,
			);
			runOnlyForDeploymentPostprocessing = 0;
		};
		F576AF9A294C826700B6ADCA /* Sources */ = {
			isa = PBXSourcesBuildPhase;
			buildActionMask = 2147483647;
			files = (
				F576AFA3294C826800B6ADCA /* SwiftfulCryptoUITests.swift in Sources */,
				F576AFA5294C826800B6ADCA /* SwiftfulCryptoUITestsLaunchTests.swift in Sources */,
			);
			runOnlyForDeploymentPostprocessing = 0;
		};
/* End PBXSourcesBuildPhase section */

/* Begin PBXTargetDependency section */
		F576AF96294C826700B6ADCA /* PBXTargetDependency */ = {
			isa = PBXTargetDependency;
			target = F576AF83294C826600B6ADCA /* SwiftfulCrypto */;
			targetProxy = F576AF95294C826700B6ADCA /* PBXContainerItemProxy */;
		};
		F576AFA0294C826800B6ADCA /* PBXTargetDependency */ = {
			isa = PBXTargetDependency;
			target = F576AF83294C826600B6ADCA /* SwiftfulCrypto */;
			targetProxy = F576AF9F294C826800B6ADCA /* PBXContainerItemProxy */;
		};
/* End PBXTargetDependency section */

/* Begin XCBuildConfiguration section */
		F576AFA6294C826800B6ADCA /* Debug */ = {
			isa = XCBuildConfiguration;
			buildSettings = {
				ALWAYS_SEARCH_USER_PATHS = NO;
				CLANG_ANALYZER_NONNULL = YES;
				CLANG_ANALYZER_NUMBER_OBJECT_CONVERSION = YES_AGGRESSIVE;
				CLANG_CXX_LANGUAGE_STANDARD = "gnu++20";
				CLANG_ENABLE_MODULES = YES;
				CLANG_ENABLE_OBJC_ARC = YES;
				CLANG_ENABLE_OBJC_WEAK = YES;
				CLANG_WARN_BLOCK_CAPTURE_AUTORELEASING = YES;
				CLANG_WARN_BOOL_CONVERSION = YES;
				CLANG_WARN_COMMA = YES;
				CLANG_WARN_CONSTANT_CONVERSION = YES;
				CLANG_WARN_DEPRECATED_OBJC_IMPLEMENTATIONS = YES;
				CLANG_WARN_DIRECT_OBJC_ISA_USAGE = YES_ERROR;
				CLANG_WARN_DOCUMENTATION_COMMENTS = YES;
				CLANG_WARN_EMPTY_BODY = YES;
				CLANG_WARN_ENUM_CONVERSION = YES;
				CLANG_WARN_INFINITE_RECURSION = YES;
				CLANG_WARN_INT_CONVERSION = YES;
				CLANG_WARN_NON_LITERAL_NULL_CONVERSION = YES;
				CLANG_WARN_OBJC_IMPLICIT_RETAIN_SELF = YES;
				CLANG_WARN_OBJC_LITERAL_CONVERSION = YES;
				CLANG_WARN_OBJC_ROOT_CLASS = YES_ERROR;
				CLANG_WARN_QUOTED_INCLUDE_IN_FRAMEWORK_HEADER = YES;
				CLANG_WARN_RANGE_LOOP_ANALYSIS = YES;
				CLANG_WARN_STRICT_PROTOTYPES = YES;
				CLANG_WARN_SUSPICIOUS_MOVE = YES;
				CLANG_WARN_UNGUARDED_AVAILABILITY = YES_AGGRESSIVE;
				CLANG_WARN_UNREACHABLE_CODE = YES;
				CLANG_WARN__DUPLICATE_METHOD_MATCH = YES;
				COPY_PHASE_STRIP = NO;
				DEBUG_INFORMATION_FORMAT = dwarf;
				ENABLE_STRICT_OBJC_MSGSEND = YES;
				ENABLE_TESTABILITY = YES;
				GCC_C_LANGUAGE_STANDARD = gnu11;
				GCC_DYNAMIC_NO_PIC = NO;
				GCC_NO_COMMON_BLOCKS = YES;
				GCC_OPTIMIZATION_LEVEL = 0;
				GCC_PREPROCESSOR_DEFINITIONS = (
					"DEBUG=1",
					"$(inherited)",
				);
				GCC_WARN_64_TO_32_BIT_CONVERSION = YES;
				GCC_WARN_ABOUT_RETURN_TYPE = YES_ERROR;
				GCC_WARN_UNDECLARED_SELECTOR = YES;
				GCC_WARN_UNINITIALIZED_AUTOS = YES_AGGRESSIVE;
				GCC_WARN_UNUSED_FUNCTION = YES;
				GCC_WARN_UNUSED_VARIABLE = YES;
				IPHONEOS_DEPLOYMENT_TARGET = 14.0;
				MTL_ENABLE_DEBUG_INFO = INCLUDE_SOURCE;
				MTL_FAST_MATH = YES;
				ONLY_ACTIVE_ARCH = YES;
				SDKROOT = iphoneos;
				SWIFT_ACTIVE_COMPILATION_CONDITIONS = DEBUG;
				SWIFT_OPTIMIZATION_LEVEL = "-Onone";
			};
			name = Debug;
		};
		F576AFA7294C826800B6ADCA /* Release */ = {
			isa = XCBuildConfiguration;
			buildSettings = {
				ALWAYS_SEARCH_USER_PATHS = NO;
				CLANG_ANALYZER_NONNULL = YES;
				CLANG_ANALYZER_NUMBER_OBJECT_CONVERSION = YES_AGGRESSIVE;
				CLANG_CXX_LANGUAGE_STANDARD = "gnu++20";
				CLANG_ENABLE_MODULES = YES;
				CLANG_ENABLE_OBJC_ARC = YES;
				CLANG_ENABLE_OBJC_WEAK = YES;
				CLANG_WARN_BLOCK_CAPTURE_AUTORELEASING = YES;
				CLANG_WARN_BOOL_CONVERSION = YES;
				CLANG_WARN_COMMA = YES;
				CLANG_WARN_CONSTANT_CONVERSION = YES;
				CLANG_WARN_DEPRECATED_OBJC_IMPLEMENTATIONS = YES;
				CLANG_WARN_DIRECT_OBJC_ISA_USAGE = YES_ERROR;
				CLANG_WARN_DOCUMENTATION_COMMENTS = YES;
				CLANG_WARN_EMPTY_BODY = YES;
				CLANG_WARN_ENUM_CONVERSION = YES;
				CLANG_WARN_INFINITE_RECURSION = YES;
				CLANG_WARN_INT_CONVERSION = YES;
				CLANG_WARN_NON_LITERAL_NULL_CONVERSION = YES;
				CLANG_WARN_OBJC_IMPLICIT_RETAIN_SELF = YES;
				CLANG_WARN_OBJC_LITERAL_CONVERSION = YES;
				CLANG_WARN_OBJC_ROOT_CLASS = YES_ERROR;
				CLANG_WARN_QUOTED_INCLUDE_IN_FRAMEWORK_HEADER = YES;
				CLANG_WARN_RANGE_LOOP_ANALYSIS = YES;
				CLANG_WARN_STRICT_PROTOTYPES = YES;
				CLANG_WARN_SUSPICIOUS_MOVE = YES;
				CLANG_WARN_UNGUARDED_AVAILABILITY = YES_AGGRESSIVE;
				CLANG_WARN_UNREACHABLE_CODE = YES;
				CLANG_WARN__DUPLICATE_METHOD_MATCH = YES;
				COPY_PHASE_STRIP = NO;
				DEBUG_INFORMATION_FORMAT = "dwarf-with-dsym";
				ENABLE_NS_ASSERTIONS = NO;
				ENABLE_STRICT_OBJC_MSGSEND = YES;
				GCC_C_LANGUAGE_STANDARD = gnu11;
				GCC_NO_COMMON_BLOCKS = YES;
				GCC_WARN_64_TO_32_BIT_CONVERSION = YES;
				GCC_WARN_ABOUT_RETURN_TYPE = YES_ERROR;
				GCC_WARN_UNDECLARED_SELECTOR = YES;
				GCC_WARN_UNINITIALIZED_AUTOS = YES_AGGRESSIVE;
				GCC_WARN_UNUSED_FUNCTION = YES;
				GCC_WARN_UNUSED_VARIABLE = YES;
				IPHONEOS_DEPLOYMENT_TARGET = 14.0;
				MTL_ENABLE_DEBUG_INFO = NO;
				MTL_FAST_MATH = YES;
				SDKROOT = iphoneos;
				SWIFT_COMPILATION_MODE = wholemodule;
				SWIFT_OPTIMIZATION_LEVEL = "-O";
				VALIDATE_PRODUCT = YES;
			};
			name = Release;
		};
		F576AFA9294C826800B6ADCA /* Debug */ = {
			isa = XCBuildConfiguration;
			buildSettings = {
				ASSETCATALOG_COMPILER_APPICON_NAME = AppIcon;
				ASSETCATALOG_COMPILER_GLOBAL_ACCENT_COLOR_NAME = AccentColor;
				CODE_SIGN_STYLE = Automatic;
				CURRENT_PROJECT_VERSION = 1;
				DEVELOPMENT_ASSET_PATHS = "\"SwiftfulCrypto/Preview Content\"";
				DEVELOPMENT_TEAM = D963K3K43B;
				ENABLE_PREVIEWS = YES;
				GENERATE_INFOPLIST_FILE = YES;
				INFOPLIST_KEY_UIApplicationSceneManifest_Generation = YES;
				INFOPLIST_KEY_UIApplicationSupportsIndirectInputEvents = YES;
				INFOPLIST_KEY_UILaunchScreen_Generation = YES;
				INFOPLIST_KEY_UISupportedInterfaceOrientations_iPad = "UIInterfaceOrientationPortrait UIInterfaceOrientationPortraitUpsideDown UIInterfaceOrientationLandscapeLeft UIInterfaceOrientationLandscapeRight";
				INFOPLIST_KEY_UISupportedInterfaceOrientations_iPhone = "UIInterfaceOrientationPortrait UIInterfaceOrientationLandscapeLeft UIInterfaceOrientationLandscapeRight";
				LD_RUNPATH_SEARCH_PATHS = (
					"$(inherited)",
					"@executable_path/Frameworks",
				);
				MARKETING_VERSION = 1.0;
				PRODUCT_BUNDLE_IDENTIFIER = com.pyronix.SwiftfulCrypto;
				PRODUCT_NAME = "$(TARGET_NAME)";
				SWIFT_EMIT_LOC_STRINGS = YES;
				SWIFT_VERSION = 5.0;
				TARGETED_DEVICE_FAMILY = "1,2";
			};
			name = Debug;
		};
		F576AFAA294C826800B6ADCA /* Release */ = {
			isa = XCBuildConfiguration;
			buildSettings = {
				ASSETCATALOG_COMPILER_APPICON_NAME = AppIcon;
				ASSETCATALOG_COMPILER_GLOBAL_ACCENT_COLOR_NAME = AccentColor;
				CODE_SIGN_STYLE = Automatic;
				CURRENT_PROJECT_VERSION = 1;
				DEVELOPMENT_ASSET_PATHS = "\"SwiftfulCrypto/Preview Content\"";
				DEVELOPMENT_TEAM = D963K3K43B;
				ENABLE_PREVIEWS = YES;
				GENERATE_INFOPLIST_FILE = YES;
				INFOPLIST_KEY_UIApplicationSceneManifest_Generation = YES;
				INFOPLIST_KEY_UIApplicationSupportsIndirectInputEvents = YES;
				INFOPLIST_KEY_UILaunchScreen_Generation = YES;
				INFOPLIST_KEY_UISupportedInterfaceOrientations_iPad = "UIInterfaceOrientationPortrait UIInterfaceOrientationPortraitUpsideDown UIInterfaceOrientationLandscapeLeft UIInterfaceOrientationLandscapeRight";
				INFOPLIST_KEY_UISupportedInterfaceOrientations_iPhone = "UIInterfaceOrientationPortrait UIInterfaceOrientationLandscapeLeft UIInterfaceOrientationLandscapeRight";
				LD_RUNPATH_SEARCH_PATHS = (
					"$(inherited)",
					"@executable_path/Frameworks",
				);
				MARKETING_VERSION = 1.0;
				PRODUCT_BUNDLE_IDENTIFIER = com.pyronix.SwiftfulCrypto;
				PRODUCT_NAME = "$(TARGET_NAME)";
				SWIFT_EMIT_LOC_STRINGS = YES;
				SWIFT_VERSION = 5.0;
				TARGETED_DEVICE_FAMILY = "1,2";
			};
			name = Release;
		};
		F576AFAC294C826800B6ADCA /* Debug */ = {
			isa = XCBuildConfiguration;
			buildSettings = {
				ALWAYS_EMBED_SWIFT_STANDARD_LIBRARIES = YES;
				BUNDLE_LOADER = "$(TEST_HOST)";
				CODE_SIGN_STYLE = Automatic;
				CURRENT_PROJECT_VERSION = 1;
				DEVELOPMENT_TEAM = D963K3K43B;
				GENERATE_INFOPLIST_FILE = YES;
				IPHONEOS_DEPLOYMENT_TARGET = 16.2;
				MARKETING_VERSION = 1.0;
				PRODUCT_BUNDLE_IDENTIFIER = com.pyronix.SwiftfulCryptoTests;
				PRODUCT_NAME = "$(TARGET_NAME)";
				SWIFT_EMIT_LOC_STRINGS = NO;
				SWIFT_VERSION = 5.0;
				TARGETED_DEVICE_FAMILY = "1,2";
				TEST_HOST = "$(BUILT_PRODUCTS_DIR)/SwiftfulCrypto.app/$(BUNDLE_EXECUTABLE_FOLDER_PATH)/SwiftfulCrypto";
			};
			name = Debug;
		};
		F576AFAD294C826800B6ADCA /* Release */ = {
			isa = XCBuildConfiguration;
			buildSettings = {
				ALWAYS_EMBED_SWIFT_STANDARD_LIBRARIES = YES;
				BUNDLE_LOADER = "$(TEST_HOST)";
				CODE_SIGN_STYLE = Automatic;
				CURRENT_PROJECT_VERSION = 1;
				DEVELOPMENT_TEAM = D963K3K43B;
				GENERATE_INFOPLIST_FILE = YES;
				IPHONEOS_DEPLOYMENT_TARGET = 16.2;
				MARKETING_VERSION = 1.0;
				PRODUCT_BUNDLE_IDENTIFIER = com.pyronix.SwiftfulCryptoTests;
				PRODUCT_NAME = "$(TARGET_NAME)";
				SWIFT_EMIT_LOC_STRINGS = NO;
				SWIFT_VERSION = 5.0;
				TARGETED_DEVICE_FAMILY = "1,2";
				TEST_HOST = "$(BUILT_PRODUCTS_DIR)/SwiftfulCrypto.app/$(BUNDLE_EXECUTABLE_FOLDER_PATH)/SwiftfulCrypto";
			};
			name = Release;
		};
		F576AFAF294C826800B6ADCA /* Debug */ = {
			isa = XCBuildConfiguration;
			buildSettings = {
				ALWAYS_EMBED_SWIFT_STANDARD_LIBRARIES = YES;
				CODE_SIGN_STYLE = Automatic;
				CURRENT_PROJECT_VERSION = 1;
				DEVELOPMENT_TEAM = D963K3K43B;
				GENERATE_INFOPLIST_FILE = YES;
				MARKETING_VERSION = 1.0;
				PRODUCT_BUNDLE_IDENTIFIER = com.pyronix.SwiftfulCryptoUITests;
				PRODUCT_NAME = "$(TARGET_NAME)";
				SWIFT_EMIT_LOC_STRINGS = NO;
				SWIFT_VERSION = 5.0;
				TARGETED_DEVICE_FAMILY = "1,2";
				TEST_TARGET_NAME = SwiftfulCrypto;
			};
			name = Debug;
		};
		F576AFB0294C826800B6ADCA /* Release */ = {
			isa = XCBuildConfiguration;
			buildSettings = {
				ALWAYS_EMBED_SWIFT_STANDARD_LIBRARIES = YES;
				CODE_SIGN_STYLE = Automatic;
				CURRENT_PROJECT_VERSION = 1;
				DEVELOPMENT_TEAM = D963K3K43B;
				GENERATE_INFOPLIST_FILE = YES;
				MARKETING_VERSION = 1.0;
				PRODUCT_BUNDLE_IDENTIFIER = com.pyronix.SwiftfulCryptoUITests;
				PRODUCT_NAME = "$(TARGET_NAME)";
				SWIFT_EMIT_LOC_STRINGS = NO;
				SWIFT_VERSION = 5.0;
				TARGETED_DEVICE_FAMILY = "1,2";
				TEST_TARGET_NAME = SwiftfulCrypto;
			};
			name = Release;
		};
/* End XCBuildConfiguration section */

/* Begin XCConfigurationList section */
		F576AF7F294C826600B6ADCA /* Build configuration list for PBXProject "SwiftfulCrypto" */ = {
			isa = XCConfigurationList;
			buildConfigurations = (
				F576AFA6294C826800B6ADCA /* Debug */,
				F576AFA7294C826800B6ADCA /* Release */,
			);
			defaultConfigurationIsVisible = 0;
			defaultConfigurationName = Release;
		};
		F576AFA8294C826800B6ADCA /* Build configuration list for PBXNativeTarget "SwiftfulCrypto" */ = {
			isa = XCConfigurationList;
			buildConfigurations = (
				F576AFA9294C826800B6ADCA /* Debug */,
				F576AFAA294C826800B6ADCA /* Release */,
			);
			defaultConfigurationIsVisible = 0;
			defaultConfigurationName = Release;
		};
		F576AFAB294C826800B6ADCA /* Build configuration list for PBXNativeTarget "SwiftfulCryptoTests" */ = {
			isa = XCConfigurationList;
			buildConfigurations = (
				F576AFAC294C826800B6ADCA /* Debug */,
				F576AFAD294C826800B6ADCA /* Release */,
			);
			defaultConfigurationIsVisible = 0;
			defaultConfigurationName = Release;
		};
		F576AFAE294C826800B6ADCA /* Build configuration list for PBXNativeTarget "SwiftfulCryptoUITests" */ = {
			isa = XCConfigurationList;
			buildConfigurations = (
				F576AFAF294C826800B6ADCA /* Debug */,
				F576AFB0294C826800B6ADCA /* Release */,
			);
			defaultConfigurationIsVisible = 0;
			defaultConfigurationName = Release;
		};
/* End XCConfigurationList section */
	};
	rootObject = F576AF7C294C826600B6ADCA /* Project object */;
}
